
Microsoft Visual Studio Solution File, Format Version 12.00
# Visual Studio Version 16
VisualStudioVersion = 16.0.29230.47
MinimumVisualStudioVersion = 10.0.40219.1
Project("{FAE04EC0-301F-11D3-BF4B-00C04F79EFBC}") = "TextPad", "TextPad\TextPad.csproj", "{3449F9CD-4018-4E70-88BD-3ACAFCB7A420}"
EndProject
Global
	GlobalSection(SolutionConfigurationPlatforms) = preSolution
		Debug|Any CPU = Debug|Any CPU
		Release|Any CPU = Release|Any CPU
	EndGlobalSection
	GlobalSection(ProjectConfigurationPlatforms) = postSolution
		{3449F9CD-4018-4E70-88BD-3ACAFCB7A420}.Debug|Any CPU.ActiveCfg = Debug|Any CPU
		{3449F9CD-4018-4E70-88BD-3ACAFCB7A420}.Debug|Any CPU.Build.0 = Debug|Any CPU
		{3449F9CD-4018-4E70-88BD-3ACAFCB7A420}.Release|Any CPU.ActiveCfg = Release|Any CPU
		{3449F9CD-4018-4E70-88BD-3ACAFCB7A420}.Release|Any CPU.Build.0 = Release|Any CPU
	EndGlobalSection
	GlobalSection(SolutionProperties) = preSolution
		HideSolutionNode = FALSE
	EndGlobalSection
	GlobalSection(ExtensibilityGlobals) = postSolution
		SolutionGuid = {BB26380E-3275-42C0-A8F5-FE1849313797}
	EndGlobalSection
EndGlobal
